
Microsoft Visual Studio Solution File, Format Version 12.00
# Visual Studio Version 16
VisualStudioVersion = 16.0.30413.136
MinimumVisualStudioVersion = 10.0.40219.1
Project("{FAE04EC0-301F-11D3-BF4B-00C04F79EFBC}") = "MusicPlayer", "MusicPlayer\MusicPlayer.csproj", "{AB1260B7-3972-4D34-9913-A2910C944BA2}"
EndProject
Project("{FAE04EC0-301F-11D3-BF4B-00C04F79EFBC}") = "MusicPlayerLibrary", "MusicPlayerLibrary\MusicPlayerLibrary.csproj", "{4F162704-AB76-451A-8B76-8580A238DBED}"
EndProject
Project("{2150E333-8FDC-42A3-9474-1A3956D46DE8}") = "Solution Items", "Solution Items", "{C3A64A18-7BA4-4EBA-BEF2-8DAC7FD24962}"
	ProjectSection(SolutionItems) = preProject
		.editorconfig = .editorconfig
	EndProjectSection
EndProject
Project("{FAE04EC0-301F-11D3-BF4B-00C04F79EFBC}") = "MusicMetaDataLibrary", "MusicMetaDataLibrary\MusicMetaDataLibrary.csproj", "{F39D8399-145F-4DBE-B295-897BBAB0D4A2}"
EndProject
Project("{FAE04EC0-301F-11D3-BF4B-00C04F79EFBC}") = "ExtensionsLibrary", "ExtensionsLibrary\ExtensionsLibrary.csproj", "{2A7140DA-C2B3-4C39-8976-4E0B8C85F5A3}"
EndProject
Global
	GlobalSection(SolutionConfigurationPlatforms) = preSolution
		Debug|Any CPU = Debug|Any CPU
		Debug|ARM = Debug|ARM
		Debug|ARM64 = Debug|ARM64
		Debug|x64 = Debug|x64
		Debug|x86 = Debug|x86
		Release|Any CPU = Release|Any CPU
		Release|ARM = Release|ARM
		Release|ARM64 = Release|ARM64
		Release|x64 = Release|x64
		Release|x86 = Release|x86
	EndGlobalSection
	GlobalSection(ProjectConfigurationPlatforms) = postSolution
		{AB1260B7-3972-4D34-9913-A2910C944BA2}.Debug|Any CPU.ActiveCfg = Debug|x86
		{AB1260B7-3972-4D34-9913-A2910C944BA2}.Debug|Any CPU.Build.0 = Debug|x86
		{AB1260B7-3972-4D34-9913-A2910C944BA2}.Debug|Any CPU.Deploy.0 = Debug|x86
		{AB1260B7-3972-4D34-9913-A2910C944BA2}.Debug|ARM.ActiveCfg = Debug|ARM
		{AB1260B7-3972-4D34-9913-A2910C944BA2}.Debug|ARM.Build.0 = Debug|ARM
		{AB1260B7-3972-4D34-9913-A2910C944BA2}.Debug|ARM.Deploy.0 = Debug|ARM
		{AB1260B7-3972-4D34-9913-A2910C944BA2}.Debug|ARM64.ActiveCfg = Debug|ARM64
		{AB1260B7-3972-4D34-9913-A2910C944BA2}.Debug|ARM64.Build.0 = Debug|ARM64
		{AB1260B7-3972-4D34-9913-A2910C944BA2}.Debug|ARM64.Deploy.0 = Debug|ARM64
		{AB1260B7-3972-4D34-9913-A2910C944BA2}.Debug|x64.ActiveCfg = Debug|x64
		{AB1260B7-3972-4D34-9913-A2910C944BA2}.Debug|x64.Build.0 = Debug|x64
		{AB1260B7-3972-4D34-9913-A2910C944BA2}.Debug|x64.Deploy.0 = Debug|x64
		{AB1260B7-3972-4D34-9913-A2910C944BA2}.Debug|x86.ActiveCfg = Debug|x86
		{AB1260B7-3972-4D34-9913-A2910C944BA2}.Debug|x86.Build.0 = Debug|x86
		{AB1260B7-3972-4D34-9913-A2910C944BA2}.Debug|x86.Deploy.0 = Debug|x86
		{AB1260B7-3972-4D34-9913-A2910C944BA2}.Release|Any CPU.ActiveCfg = Release|x86
		{AB1260B7-3972-4D34-9913-A2910C944BA2}.Release|ARM.ActiveCfg = Release|ARM
		{AB1260B7-3972-4D34-9913-A2910C944BA2}.Release|ARM.Build.0 = Release|ARM
		{AB1260B7-3972-4D34-9913-A2910C944BA2}.Release|ARM.Deploy.0 = Release|ARM
		{AB1260B7-3972-4D34-9913-A2910C944BA2}.Release|ARM64.ActiveCfg = Release|ARM64
		{AB1260B7-3972-4D34-9913-A2910C944BA2}.Release|ARM64.Build.0 = Release|ARM64
		{AB1260B7-3972-4D34-9913-A2910C944BA2}.Release|ARM64.Deploy.0 = Release|ARM64
		{AB1260B7-3972-4D34-9913-A2910C944BA2}.Release|x64.ActiveCfg = Release|x64
		{AB1260B7-3972-4D34-9913-A2910C944BA2}.Release|x64.Build.0 = Release|x64
		{AB1260B7-3972-4D34-9913-A2910C944BA2}.Release|x64.Deploy.0 = Release|x64
		{AB1260B7-3972-4D34-9913-A2910C944BA2}.Release|x86.ActiveCfg = Release|x86
		{AB1260B7-3972-4D34-9913-A2910C944BA2}.Release|x86.Build.0 = Release|x86
		{AB1260B7-3972-4D34-9913-A2910C944BA2}.Release|x86.Deploy.0 = Release|x86
		{4F162704-AB76-451A-8B76-8580A238DBED}.Debug|Any CPU.ActiveCfg = Debug|Any CPU
		{4F162704-AB76-451A-8B76-8580A238DBED}.Debug|Any CPU.Build.0 = Debug|Any CPU
		{4F162704-AB76-451A-8B76-8580A238DBED}.Debug|ARM.ActiveCfg = Debug|ARM
		{4F162704-AB76-451A-8B76-8580A238DBED}.Debug|ARM.Build.0 = Debug|ARM
		{4F162704-AB76-451A-8B76-8580A238DBED}.Debug|ARM64.ActiveCfg = Debug|ARM64
		{4F162704-AB76-451A-8B76-8580A238DBED}.Debug|ARM64.Build.0 = Debug|ARM64
		{4F162704-AB76-451A-8B76-8580A238DBED}.Debug|x64.ActiveCfg = Debug|x64
		{4F162704-AB76-451A-8B76-8580A238DBED}.Debug|x64.Build.0 = Debug|x64
		{4F162704-AB76-451A-8B76-8580A238DBED}.Debug|x86.ActiveCfg = Debug|x86
		{4F162704-AB76-451A-8B76-8580A238DBED}.Debug|x86.Build.0 = Debug|x86
		{4F162704-AB76-451A-8B76-8580A238DBED}.Release|Any CPU.ActiveCfg = Release|Any CPU
		{4F162704-AB76-451A-8B76-8580A238DBED}.Release|Any CPU.Build.0 = Release|Any CPU
		{4F162704-AB76-451A-8B76-8580A238DBED}.Release|ARM.ActiveCfg = Release|ARM
		{4F162704-AB76-451A-8B76-8580A238DBED}.Release|ARM.Build.0 = Release|ARM
		{4F162704-AB76-451A-8B76-8580A238DBED}.Release|ARM64.ActiveCfg = Release|ARM64
		{4F162704-AB76-451A-8B76-8580A238DBED}.Release|ARM64.Build.0 = Release|ARM64
		{4F162704-AB76-451A-8B76-8580A238DBED}.Release|x64.ActiveCfg = Release|x64
		{4F162704-AB76-451A-8B76-8580A238DBED}.Release|x64.Build.0 = Release|x64
		{4F162704-AB76-451A-8B76-8580A238DBED}.Release|x86.ActiveCfg = Release|x86
		{4F162704-AB76-451A-8B76-8580A238DBED}.Release|x86.Build.0 = Release|x86
		{F39D8399-145F-4DBE-B295-897BBAB0D4A2}.Debug|Any CPU.ActiveCfg = Debug|Any CPU
		{F39D8399-145F-4DBE-B295-897BBAB0D4A2}.Debug|Any CPU.Build.0 = Debug|Any CPU
		{F39D8399-145F-4DBE-B295-897BBAB0D4A2}.Debug|ARM.ActiveCfg = Debug|ARM
		{F39D8399-145F-4DBE-B295-897BBAB0D4A2}.Debug|ARM.Build.0 = Debug|ARM
		{F39D8399-145F-4DBE-B295-897BBAB0D4A2}.Debug|ARM64.ActiveCfg = Debug|ARM64
		{F39D8399-145F-4DBE-B295-897BBAB0D4A2}.Debug|ARM64.Build.0 = Debug|ARM64
		{F39D8399-145F-4DBE-B295-897BBAB0D4A2}.Debug|x64.ActiveCfg = Debug|x64
		{F39D8399-145F-4DBE-B295-897BBAB0D4A2}.Debug|x64.Build.0 = Debug|x64
		{F39D8399-145F-4DBE-B295-897BBAB0D4A2}.Debug|x86.ActiveCfg = Debug|x86
		{F39D8399-145F-4DBE-B295-897BBAB0D4A2}.Debug|x86.Build.0 = Debug|x86
		{F39D8399-145F-4DBE-B295-897BBAB0D4A2}.Release|Any CPU.ActiveCfg = Release|Any CPU
		{F39D8399-145F-4DBE-B295-897BBAB0D4A2}.Release|Any CPU.Build.0 = Release|Any CPU
		{F39D8399-145F-4DBE-B295-897BBAB0D4A2}.Release|ARM.ActiveCfg = Release|ARM
		{F39D8399-145F-4DBE-B295-897BBAB0D4A2}.Release|ARM.Build.0 = Release|ARM
		{F39D8399-145F-4DBE-B295-897BBAB0D4A2}.Release|ARM64.ActiveCfg = Release|ARM64
		{F39D8399-145F-4DBE-B295-897BBAB0D4A2}.Release|ARM64.Build.0 = Release|ARM64
		{F39D8399-145F-4DBE-B295-897BBAB0D4A2}.Release|x64.ActiveCfg = Release|x64
		{F39D8399-145F-4DBE-B295-897BBAB0D4A2}.Release|x64.Build.0 = Release|x64
		{F39D8399-145F-4DBE-B295-897BBAB0D4A2}.Release|x86.ActiveCfg = Release|x86
		{F39D8399-145F-4DBE-B295-897BBAB0D4A2}.Release|x86.Build.0 = Release|x86
		{2A7140DA-C2B3-4C39-8976-4E0B8C85F5A3}.Debug|Any CPU.ActiveCfg = Debug|Any CPU
		{2A7140DA-C2B3-4C39-8976-4E0B8C85F5A3}.Debug|Any CPU.Build.0 = Debug|Any CPU
		{2A7140DA-C2B3-4C39-8976-4E0B8C85F5A3}.Debug|ARM.ActiveCfg = Debug|ARM
		{2A7140DA-C2B3-4C39-8976-4E0B8C85F5A3}.Debug|ARM.Build.0 = Debug|ARM
		{2A7140DA-C2B3-4C39-8976-4E0B8C85F5A3}.Debug|ARM64.ActiveCfg = Debug|ARM64
		{2A7140DA-C2B3-4C39-8976-4E0B8C85F5A3}.Debug|ARM64.Build.0 = Debug|ARM64
		{2A7140DA-C2B3-4C39-8976-4E0B8C85F5A3}.Debug|x64.ActiveCfg = Debug|x64
		{2A7140DA-C2B3-4C39-8976-4E0B8C85F5A3}.Debug|x64.Build.0 = Debug|x64
		{2A7140DA-C2B3-4C39-8976-4E0B8C85F5A3}.Debug|x86.ActiveCfg = Debug|x86
		{2A7140DA-C2B3-4C39-8976-4E0B8C85F5A3}.Debug|x86.Build.0 = Debug|x86
		{2A7140DA-C2B3-4C39-8976-4E0B8C85F5A3}.Release|Any CPU.ActiveCfg = Release|Any CPU
		{2A7140DA-C2B3-4C39-8976-4E0B8C85F5A3}.Release|Any CPU.Build.0 = Release|Any CPU
		{2A7140DA-C2B3-4C39-8976-4E0B8C85F5A3}.Release|ARM.ActiveCfg = Release|ARM
		{2A7140DA-C2B3-4C39-8976-4E0B8C85F5A3}.Release|ARM.Build.0 = Release|ARM
		{2A7140DA-C2B3-4C39-8976-4E0B8C85F5A3}.Release|ARM64.ActiveCfg = Release|ARM64
		{2A7140DA-C2B3-4C39-8976-4E0B8C85F5A3}.Release|ARM64.Build.0 = Release|ARM64
		{2A7140DA-C2B3-4C39-8976-4E0B8C85F5A3}.Release|x64.ActiveCfg = Release|x64
		{2A7140DA-C2B3-4C39-8976-4E0B8C85F5A3}.Release|x64.Build.0 = Release|x64
		{2A7140DA-C2B3-4C39-8976-4E0B8C85F5A3}.Release|x86.ActiveCfg = Release|x86
		{2A7140DA-C2B3-4C39-8976-4E0B8C85F5A3}.Release|x86.Build.0 = Release|x86
	EndGlobalSection
	GlobalSection(SolutionProperties) = preSolution
		HideSolutionNode = FALSE
	EndGlobalSection
	GlobalSection(ExtensibilityGlobals) = postSolution
		SolutionGuid = {61212726-1CBC-4327-9FBB-768374E6AA95}
	EndGlobalSection
EndGlobal
